// !$*UTF8*$!
{
	archiveVersion = 1;
	classes = {
	};
	objectVersion = 50;
	objects = {

/* Begin PBXBuildFile section */
		0886BC262654F07F00C5816B /* Random.swift in Sources */ = {isa = PBXBuildFile; fileRef = 0886BC252654F07F00C5816B /* Random.swift */; };
		08906F49264FC4A400C78A66 /* main.swift in Sources */ = {isa = PBXBuildFile; fileRef = 08906F48264FC4A400C78A66 /* main.swift */; };
		08906F50264FC4F900C78A66 /* AgentModel.swift in Sources */ = {isa = PBXBuildFile; fileRef = 08906F4F264FC4F900C78A66 /* AgentModel.swift */; };
		08906F522651FE0100C78A66 /* StrategyModel.swift in Sources */ = {isa = PBXBuildFile; fileRef = 08906F512651FE0100C78A66 /* StrategyModel.swift */; };
		08906F54265223A100C78A66 /* String+CharacterAtIndex.swift in Sources */ = {isa = PBXBuildFile; fileRef = 08906F53265223A100C78A66 /* String+CharacterAtIndex.swift */; };
		08906F562652260E00C78A66 /* MinorityGame.swift in Sources */ = {isa = PBXBuildFile; fileRef = 08906F552652260E00C78A66 /* MinorityGame.swift */; };
		08906F582652265B00C78A66 /* Analyze.swift in Sources */ = {isa = PBXBuildFile; fileRef = 08906F572652265B00C78A66 /* Analyze.swift */; };
		08906F5E26562B7600C78A66 /* DataSample.swift in Sources */ = {isa = PBXBuildFile; fileRef = 08906F5D26562B7600C78A66 /* DataSample.swift */; };
		08906F6126562BDA00C78A66 /* NeuralNetwork.swift in Sources */ = {isa = PBXBuildFile; fileRef = 08906F6026562BDA00C78A66 /* NeuralNetwork.swift */; };
		08906F64265639EA00C78A66 /* RandomStrategy.swift in Sources */ = {isa = PBXBuildFile; fileRef = 08906F63265639EA00C78A66 /* RandomStrategy.swift */; };
		2F11DEDE04949148283D90D0 /* Pods_MinorityGame.framework in Frameworks */ = {isa = PBXBuildFile; fileRef = B4F7C91A65C46BBD75D89584 /* Pods_MinorityGame.framework */; };
/* End PBXBuildFile section */

/* Begin PBXCopyFilesBuildPhase section */
		08906F43264FC4A400C78A66 /* CopyFiles */ = {
			isa = PBXCopyFilesBuildPhase;
			buildActionMask = 2147483647;
			dstPath = /usr/share/man/man1/;
			dstSubfolderSpec = 0;
			files = (
			);
			runOnlyForDeploymentPostprocessing = 1;
		};
/* End PBXCopyFilesBuildPhase section */

/* Begin PBXFileReference section */
		0886BC252654F07F00C5816B /* Random.swift */ = {isa = PBXFileReference; lastKnownFileType = sourcecode.swift; path = Random.swift; sourceTree = "<group>"; };
		08906F45264FC4A400C78A66 /* MinorityGame */ = {isa = PBXFileReference; explicitFileType = "compiled.mach-o.executable"; includeInIndex = 0; path = MinorityGame; sourceTree = BUILT_PRODUCTS_DIR; };
		08906F48264FC4A400C78A66 /* main.swift */ = {isa = PBXFileReference; lastKnownFileType = sourcecode.swift; path = main.swift; sourceTree = "<group>"; };
		08906F4F264FC4F900C78A66 /* AgentModel.swift */ = {isa = PBXFileReference; lastKnownFileType = sourcecode.swift; path = AgentModel.swift; sourceTree = "<group>"; };
		08906F512651FE0100C78A66 /* StrategyModel.swift */ = {isa = PBXFileReference; lastKnownFileType = sourcecode.swift; path = StrategyModel.swift; sourceTree = "<group>"; };
		08906F53265223A100C78A66 /* String+CharacterAtIndex.swift */ = {isa = PBXFileReference; lastKnownFileType = sourcecode.swift; path = "String+CharacterAtIndex.swift"; sourceTree = "<group>"; };
		08906F552652260E00C78A66 /* MinorityGame.swift */ = {isa = PBXFileReference; lastKnownFileType = sourcecode.swift; path = MinorityGame.swift; sourceTree = "<group>"; };
		08906F572652265B00C78A66 /* Analyze.swift */ = {isa = PBXFileReference; lastKnownFileType = sourcecode.swift; path = Analyze.swift; sourceTree = "<group>"; };
		08906F5D26562B7600C78A66 /* DataSample.swift */ = {isa = PBXFileReference; lastKnownFileType = sourcecode.swift; path = DataSample.swift; sourceTree = "<group>"; };
		08906F6026562BDA00C78A66 /* NeuralNetwork.swift */ = {isa = PBXFileReference; lastKnownFileType = sourcecode.swift; path = NeuralNetwork.swift; sourceTree = "<group>"; };
		08906F63265639EA00C78A66 /* RandomStrategy.swift */ = {isa = PBXFileReference; lastKnownFileType = sourcecode.swift; path = RandomStrategy.swift; sourceTree = "<group>"; };
		B4F7C91A65C46BBD75D89584 /* Pods_MinorityGame.framework */ = {isa = PBXFileReference; explicitFileType = wrapper.framework; includeInIndex = 0; path = Pods_MinorityGame.framework; sourceTree = BUILT_PRODUCTS_DIR; };
		B75B1A505080EC1D15C0EF88 /* Pods-MinorityGame.release.xcconfig */ = {isa = PBXFileReference; includeInIndex = 1; lastKnownFileType = text.xcconfig; name = "Pods-MinorityGame.release.xcconfig"; path = "Target Support Files/Pods-MinorityGame/Pods-MinorityGame.release.xcconfig"; sourceTree = "<group>"; };
		BB5F68F74856E63680787141 /* Pods-MinorityGame.debug.xcconfig */ = {isa = PBXFileReference; includeInIndex = 1; lastKnownFileType = text.xcconfig; name = "Pods-MinorityGame.debug.xcconfig"; path = "Target Support Files/Pods-MinorityGame/Pods-MinorityGame.debug.xcconfig"; sourceTree = "<group>"; };
/* End PBXFileReference section */

/* Begin PBXFrameworksBuildPhase section */
		08906F42264FC4A400C78A66 /* Frameworks */ = {
			isa = PBXFrameworksBuildPhase;
			buildActionMask = 2147483647;
			files = (
				2F11DEDE04949148283D90D0 /* Pods_MinorityGame.framework in Frameworks */,
			);
			runOnlyForDeploymentPostprocessing = 0;
		};
/* End PBXFrameworksBuildPhase section */

/* Begin PBXGroup section */
		0886BC242652693C00C5816B /* OutputData */ = {
			isa = PBXGroup;
			children = (
			);
			path = OutputData;
			sourceTree = "<group>";
		};
		08906F3C264FC4A400C78A66 = {
			isa = PBXGroup;
			children = (
				0886BC242652693C00C5816B /* OutputData */,
				08906F47264FC4A400C78A66 /* MinorityGame */,
				08906F46264FC4A400C78A66 /* Products */,
				511C928BB2F5807D6FD7E3FF /* Pods */,
				254F4DCF80411A472FFA33FA /* Frameworks */,
			);
			sourceTree = "<group>";
		};
		08906F46264FC4A400C78A66 /* Products */ = {
			isa = PBXGroup;
			children = (
				08906F45264FC4A400C78A66 /* MinorityGame */,
			);
			name = Products;
			sourceTree = "<group>";
		};
		08906F47264FC4A400C78A66 /* MinorityGame */ = {
			isa = PBXGroup;
			children = (
				08906F48264FC4A400C78A66 /* main.swift */,
				08906F53265223A100C78A66 /* String+CharacterAtIndex.swift */,
				08906F572652265B00C78A66 /* Analyze.swift */,
				08906F552652260E00C78A66 /* MinorityGame.swift */,
				08906F4F264FC4F900C78A66 /* AgentModel.swift */,
				08906F512651FE0100C78A66 /* StrategyModel.swift */,
				08906F63265639EA00C78A66 /* RandomStrategy.swift */,
				0886BC252654F07F00C5816B /* Random.swift */,
				08906F5C26562B5D00C78A66 /* CNN */,
			);
			path = MinorityGame;
			sourceTree = "<group>";
		};
		08906F5C26562B5D00C78A66 /* CNN */ = {
			isa = PBXGroup;
			children = (
				08906F5D26562B7600C78A66 /* DataSample.swift */,
				08906F6026562BDA00C78A66 /* NeuralNetwork.swift */,
			);
			path = CNN;
			sourceTree = "<group>";
		};
		254F4DCF80411A472FFA33FA /* Frameworks */ = {
			isa = PBXGroup;
			children = (
				B4F7C91A65C46BBD75D89584 /* Pods_MinorityGame.framework */,
			);
			name = Frameworks;
			sourceTree = "<group>";
		};
		511C928BB2F5807D6FD7E3FF /* Pods */ = {
			isa = PBXGroup;
			children = (
				BB5F68F74856E63680787141 /* Pods-MinorityGame.debug.xcconfig */,
				B75B1A505080EC1D15C0EF88 /* Pods-MinorityGame.release.xcconfig */,
			);
			name = Pods;
			path = Pods;
			sourceTree = "<group>";
		};
/* End PBXGroup section */

/* Begin PBXNativeTarget section */
		08906F44264FC4A400C78A66 /* MinorityGame */ = {
			isa = PBXNativeTarget;
			buildConfigurationList = 08906F4C264FC4A400C78A66 /* Build configuration list for PBXNativeTarget "MinorityGame" */;
			buildPhases = (
				747F487EC85C4968BEE12EDC /* [CP] Check Pods Manifest.lock */,
				08906F41264FC4A400C78A66 /* Sources */,
				08906F42264FC4A400C78A66 /* Frameworks */,
				08906F43264FC4A400C78A66 /* CopyFiles */,
			);
			buildRules = (
			);
			dependencies = (
			);
			name = MinorityGame;
			productName = MinorityGame;
			productReference = 08906F45264FC4A400C78A66 /* MinorityGame */;
			productType = "com.apple.product-type.tool";
		};
/* End PBXNativeTarget section */

/* Begin PBXProject section */
		08906F3D264FC4A400C78A66 /* Project object */ = {
			isa = PBXProject;
			attributes = {
				LastSwiftUpdateCheck = 1250;
				LastUpgradeCheck = 1250;
				TargetAttributes = {
					08906F44264FC4A400C78A66 = {
						CreatedOnToolsVersion = 12.5;
					};
				};
			};
			buildConfigurationList = 08906F40264FC4A400C78A66 /* Build configuration list for PBXProject "MinorityGame" */;
			compatibilityVersion = "Xcode 9.3";
			developmentRegion = en;
			hasScannedForEncodings = 0;
			knownRegions = (
				en,
				Base,
			);
			mainGroup = 08906F3C264FC4A400C78A66;
			productRefGroup = 08906F46264FC4A400C78A66 /* Products */;
			projectDirPath = "";
			projectRoot = "";
			targets = (
				08906F44264FC4A400C78A66 /* MinorityGame */,
			);
		};
/* End PBXProject section */

/* Begin PBXShellScriptBuildPhase section */
		747F487EC85C4968BEE12EDC /* [CP] Check Pods Manifest.lock */ = {
			isa = PBXShellScriptBuildPhase;
			buildActionMask = 2147483647;
			files = (
			);
			inputFileListPaths = (
			);
			inputPaths = (
				"${PODS_PODFILE_DIR_PATH}/Podfile.lock",
				"${PODS_ROOT}/Manifest.lock",
			);
			name = "[CP] Check Pods Manifest.lock";
			outputFileListPaths = (
			);
			outputPaths = (
				"$(DERIVED_FILE_DIR)/Pods-MinorityGame-checkManifestLockResult.txt",
			);
			runOnlyForDeploymentPostprocessing = 0;
			shellPath = /bin/sh;
			shellScript = "diff \"${PODS_PODFILE_DIR_PATH}/Podfile.lock\" \"${PODS_ROOT}/Manifest.lock\" > /dev/null\nif [ $? != 0 ] ; then\n    # print error to STDERR\n    echo \"error: The sandbox is not in sync with the Podfile.lock. Run 'pod install' or update your CocoaPods installation.\" >&2\n    exit 1\nfi\n# This output is used by Xcode 'outputs' to avoid re-running this script phase.\necho \"SUCCESS\" > \"${SCRIPT_OUTPUT_FILE_0}\"\n";
			showEnvVarsInLog = 0;
		};
/* End PBXShellScriptBuildPhase section */

/* Begin PBXSourcesBuildPhase section */
		08906F41264FC4A400C78A66 /* Sources */ = {
			isa = PBXSourcesBuildPhase;
			buildActionMask = 2147483647;
			files = (
				08906F54265223A100C78A66 /* String+CharacterAtIndex.swift in Sources */,
				08906F522651FE0100C78A66 /* StrategyModel.swift in Sources */,
				08906F582652265B00C78A66 /* Analyze.swift in Sources */,
				08906F49264FC4A400C78A66 /* main.swift in Sources */,
				08906F50264FC4F900C78A66 /* AgentModel.swift in Sources */,
				08906F6126562BDA00C78A66 /* NeuralNetwork.swift in Sources */,
				0886BC262654F07F00C5816B /* Random.swift in Sources */,
				08906F562652260E00C78A66 /* MinorityGame.swift in Sources */,
				08906F5E26562B7600C78A66 /* DataSample.swift in Sources */,
				08906F64265639EA00C78A66 /* RandomStrategy.swift in Sources */,
			);
			runOnlyForDeploymentPostprocessing = 0;
		};
/* End PBXSourcesBuildPhase section */

/* Begin XCBuildConfiguration section */
		08906F4A264FC4A400C78A66 /* Debug */ = {
			isa = XCBuildConfiguration;
			buildSettings = {
				ALWAYS_SEARCH_USER_PATHS = NO;
				CLANG_ANALYZER_NONNULL = YES;
				CLANG_ANALYZER_NUMBER_OBJECT_CONVERSION = YES_AGGRESSIVE;
				CLANG_CXX_LANGUAGE_STANDARD = "gnu++14";
				CLANG_CXX_LIBRARY = "libc++";
				CLANG_ENABLE_MODULES = YES;
				CLANG_ENABLE_OBJC_ARC = YES;
				CLANG_ENABLE_OBJC_WEAK = YES;
				CLANG_WARN_BLOCK_CAPTURE_AUTORELEASING = YES;
				CLANG_WARN_BOOL_CONVERSION = YES;
				CLANG_WARN_COMMA = YES;
				CLANG_WARN_CONSTANT_CONVERSION = YES;
				CLANG_WARN_DEPRECATED_OBJC_IMPLEMENTATIONS = YES;
				CLANG_WARN_DIRECT_OBJC_ISA_USAGE = YES_ERROR;
				CLANG_WARN_DOCUMENTATION_COMMENTS = YES;
				CLANG_WARN_EMPTY_BODY = YES;
				CLANG_WARN_ENUM_CONVERSION = YES;
				CLANG_WARN_INFINITE_RECURSION = YES;
				CLANG_WARN_INT_CONVERSION = YES;
				CLANG_WARN_NON_LITERAL_NULL_CONVERSION = YES;
				CLANG_WARN_OBJC_IMPLICIT_RETAIN_SELF = YES;
				CLANG_WARN_OBJC_LITERAL_CONVERSION = YES;
				CLANG_WARN_OBJC_ROOT_CLASS = YES_ERROR;
				CLANG_WARN_QUOTED_INCLUDE_IN_FRAMEWORK_HEADER = YES;
				CLANG_WARN_RANGE_LOOP_ANALYSIS = YES;
				CLANG_WARN_STRICT_PROTOTYPES = YES;
				CLANG_WARN_SUSPICIOUS_MOVE = YES;
				CLANG_WARN_UNGUARDED_AVAILABILITY = YES_AGGRESSIVE;
				CLANG_WARN_UNREACHABLE_CODE = YES;
				CLANG_WARN__DUPLICATE_METHOD_MATCH = YES;
				COPY_PHASE_STRIP = NO;
				DEBUG_INFORMATION_FORMAT = dwarf;
				ENABLE_STRICT_OBJC_MSGSEND = YES;
				ENABLE_TESTABILITY = YES;
				GCC_C_LANGUAGE_STANDARD = gnu11;
				GCC_DYNAMIC_NO_PIC = NO;
				GCC_NO_COMMON_BLOCKS = YES;
				GCC_OPTIMIZATION_LEVEL = 0;
				GCC_PREPROCESSOR_DEFINITIONS = (
					"DEBUG=1",
					"$(inherited)",
				);
				GCC_WARN_64_TO_32_BIT_CONVERSION = YES;
				GCC_WARN_ABOUT_RETURN_TYPE = YES_ERROR;
				GCC_WARN_UNDECLARED_SELECTOR = YES;
				GCC_WARN_UNINITIALIZED_AUTOS = YES_AGGRESSIVE;
				GCC_WARN_UNUSED_FUNCTION = YES;
				GCC_WARN_UNUSED_VARIABLE = YES;
				MACOSX_DEPLOYMENT_TARGET = 11.3;
				MTL_ENABLE_DEBUG_INFO = INCLUDE_SOURCE;
				MTL_FAST_MATH = YES;
				ONLY_ACTIVE_ARCH = YES;
				SDKROOT = macosx;
				SWIFT_ACTIVE_COMPILATION_CONDITIONS = DEBUG;
				SWIFT_OPTIMIZATION_LEVEL = "-Onone";
			};
			name = Debug;
		};
		08906F4B264FC4A400C78A66 /* Release */ = {
			isa = XCBuildConfiguration;
			buildSettings = {
				ALWAYS_SEARCH_USER_PATHS = NO;
				CLANG_ANALYZER_NONNULL = YES;
				CLANG_ANALYZER_NUMBER_OBJECT_CONVERSION = YES_AGGRESSIVE;
				CLANG_CXX_LANGUAGE_STANDARD = "gnu++14";
				CLANG_CXX_LIBRARY = "libc++";
				CLANG_ENABLE_MODULES = YES;
				CLANG_ENABLE_OBJC_ARC = YES;
				CLANG_ENABLE_OBJC_WEAK = YES;
				CLANG_WARN_BLOCK_CAPTURE_AUTORELEASING = YES;
				CLANG_WARN_BOOL_CONVERSION = YES;
				CLANG_WARN_COMMA = YES;
				CLANG_WARN_CONSTANT_CONVERSION = YES;
				CLANG_WARN_DEPRECATED_OBJC_IMPLEMENTATIONS = YES;
				CLANG_WARN_DIRECT_OBJC_ISA_USAGE = YES_ERROR;
				CLANG_WARN_DOCUMENTATION_COMMENTS = YES;
				CLANG_WARN_EMPTY_BODY = YES;
				CLANG_WARN_ENUM_CONVERSION = YES;
				CLANG_WARN_INFINITE_RECURSION = YES;
				CLANG_WARN_INT_CONVERSION = YES;
				CLANG_WARN_NON_LITERAL_NULL_CONVERSION = YES;
				CLANG_WARN_OBJC_IMPLICIT_RETAIN_SELF = YES;
				CLANG_WARN_OBJC_LITERAL_CONVERSION = YES;
				CLANG_WARN_OBJC_ROOT_CLASS = YES_ERROR;
				CLANG_WARN_QUOTED_INCLUDE_IN_FRAMEWORK_HEADER = YES;
				CLANG_WARN_RANGE_LOOP_ANALYSIS = YES;
				CLANG_WARN_STRICT_PROTOTYPES = YES;
				CLANG_WARN_SUSPICIOUS_MOVE = YES;
				CLANG_WARN_UNGUARDED_AVAILABILITY = YES_AGGRESSIVE;
				CLANG_WARN_UNREACHABLE_CODE = YES;
				CLANG_WARN__DUPLICATE_METHOD_MATCH = YES;
				COPY_PHASE_STRIP = NO;
				DEBUG_INFORMATION_FORMAT = "dwarf-with-dsym";
				ENABLE_NS_ASSERTIONS = NO;
				ENABLE_STRICT_OBJC_MSGSEND = YES;
				GCC_C_LANGUAGE_STANDARD = gnu11;
				GCC_NO_COMMON_BLOCKS = YES;
				GCC_WARN_64_TO_32_BIT_CONVERSION = YES;
				GCC_WARN_ABOUT_RETURN_TYPE = YES_ERROR;
				GCC_WARN_UNDECLARED_SELECTOR = YES;
				GCC_WARN_UNINITIALIZED_AUTOS = YES_AGGRESSIVE;
				GCC_WARN_UNUSED_FUNCTION = YES;
				GCC_WARN_UNUSED_VARIABLE = YES;
				MACOSX_DEPLOYMENT_TARGET = 11.3;
				MTL_ENABLE_DEBUG_INFO = NO;
				MTL_FAST_MATH = YES;
				SDKROOT = macosx;
				SWIFT_COMPILATION_MODE = wholemodule;
				SWIFT_OPTIMIZATION_LEVEL = "-O";
			};
			name = Release;
		};
		08906F4D264FC4A400C78A66 /* Debug */ = {
			isa = XCBuildConfiguration;
			baseConfigurationReference = BB5F68F74856E63680787141 /* Pods-MinorityGame.debug.xcconfig */;
			buildSettings = {
				CODE_SIGN_STYLE = Automatic;
				DEVELOPMENT_TEAM = 3HLN6Z6G9H;
				ENABLE_HARDENED_RUNTIME = YES;
				MACOSX_DEPLOYMENT_TARGET = 11.2;
				PRODUCT_NAME = "$(TARGET_NAME)";
				SWIFT_VERSION = 5.0;
			};
			name = Debug;
		};
		08906F4E264FC4A400C78A66 /* Release */ = {
			isa = XCBuildConfiguration;
			baseConfigurationReference = B75B1A505080EC1D15C0EF88 /* Pods-MinorityGame.release.xcconfig */;
			buildSettings = {
				CODE_SIGN_STYLE = Automatic;
				DEVELOPMENT_TEAM = 3HLN6Z6G9H;
				ENABLE_HARDENED_RUNTIME = YES;
				MACOSX_DEPLOYMENT_TARGET = 11.2;
				PRODUCT_NAME = "$(TARGET_NAME)";
				SWIFT_VERSION = 5.0;
			};
			name = Release;
		};
/* End XCBuildConfiguration section */

/* Begin XCConfigurationList section */
		08906F40264FC4A400C78A66 /* Build configuration list for PBXProject "MinorityGame" */ = {
			isa = XCConfigurationList;
			buildConfigurations = (
				08906F4A264FC4A400C78A66 /* Debug */,
				08906F4B264FC4A400C78A66 /* Release */,
			);
			defaultConfigurationIsVisible = 0;
			defaultConfigurationName = Release;
		};
		08906F4C264FC4A400C78A66 /* Build configuration list for PBXNativeTarget "MinorityGame" */ = {
			isa = XCConfigurationList;
			buildConfigurations = (
				08906F4D264FC4A400C78A66 /* Debug */,
				08906F4E264FC4A400C78A66 /* Release */,
			);
			defaultConfigurationIsVisible = 0;
			defaultConfigurationName = Release;
		};
/* End XCConfigurationList section */
	};
	rootObject = 08906F3D264FC4A400C78A66 /* Project object */;
}
